
Microsoft Visual Studio Solution File, Format Version 12.00
# Visual Studio 15
VisualStudioVersion = 15.0.27703.2035
MinimumVisualStudioVersion = 10.0.40219.1
Project("{FAE04EC0-301F-11D3-BF4B-00C04F79EFBC}") = "ITEnterpriseTest", "ITEnterpriseTest\ITEnterpriseTest.csproj", "{B162892D-3A10-4B90-91B0-D0C77DFEB0E1}"
EndProject
Global
	GlobalSection(SolutionConfigurationPlatforms) = preSolution
		Debug|Any CPU = Debug|Any CPU
		Release|Any CPU = Release|Any CPU
	EndGlobalSection
	GlobalSection(ProjectConfigurationPlatforms) = postSolution
		{B162892D-3A10-4B90-91B0-D0C77DFEB0E1}.Debug|Any CPU.ActiveCfg = Debug|Any CPU
		{B162892D-3A10-4B90-91B0-D0C77DFEB0E1}.Debug|Any CPU.Build.0 = Debug|Any CPU
		{B162892D-3A10-4B90-91B0-D0C77DFEB0E1}.Release|Any CPU.ActiveCfg = Release|Any CPU
		{B162892D-3A10-4B90-91B0-D0C77DFEB0E1}.Release|Any CPU.Build.0 = Release|Any CPU
	EndGlobalSection
	GlobalSection(SolutionProperties) = preSolution
		HideSolutionNode = FALSE
	EndGlobalSection
	GlobalSection(ExtensibilityGlobals) = postSolution
		SolutionGuid = {74A3DAD0-834B-4AD0-9039-EC23DD1DB73F}
	EndGlobalSection
EndGlobal
